// !$*UTF8*$!
{
	archiveVersion = 1;
	classes = {
	};
	objectVersion = 46;
	objects = {

/* Begin PBXBuildFile section */
		8C19FA7115BB3F340096B5B1 /* UIKit.framework in Frameworks */ = {isa = PBXBuildFile; fileRef = 8C19FA7015BB3F340096B5B1 /* UIKit.framework */; };
		8C19FA7315BB3F340096B5B1 /* Foundation.framework in Frameworks */ = {isa = PBXBuildFile; fileRef = 8C19FA7215BB3F340096B5B1 /* Foundation.framework */; };
		8C19FA7515BB3F340096B5B1 /* CoreGraphics.framework in Frameworks */ = {isa = PBXBuildFile; fileRef = 8C19FA7415BB3F340096B5B1 /* CoreGraphics.framework */; };
		8C19FA7B15BB3F340096B5B1 /* InfoPlist.strings in Resources */ = {isa = PBXBuildFile; fileRef = 8C19FA7915BB3F340096B5B1 /* InfoPlist.strings */; };
		8C19FA7D15BB3F340096B5B1 /* main.m in Sources */ = {isa = PBXBuildFile; fileRef = 8C19FA7C15BB3F340096B5B1 /* main.m */; };
		8C19FA8115BB3F340096B5B1 /* ICAppDelegate.m in Sources */ = {isa = PBXBuildFile; fileRef = 8C19FA8015BB3F340096B5B1 /* ICAppDelegate.m */; };
		8C19FA8415BB3F340096B5B1 /* ICViewController.m in Sources */ = {isa = PBXBuildFile; fileRef = 8C19FA8315BB3F340096B5B1 /* ICViewController.m */; };
		8C19FA8715BB3F340096B5B1 /* ICViewController_iPhone.xib in Resources */ = {isa = PBXBuildFile; fileRef = 8C19FA8515BB3F340096B5B1 /* ICViewController_iPhone.xib */; };
		8C19FA8A15BB3F340096B5B1 /* ICViewController_iPad.xib in Resources */ = {isa = PBXBuildFile; fileRef = 8C19FA8815BB3F340096B5B1 /* ICViewController_iPad.xib */; };
		8C19FA9215BB3F340096B5B1 /* SenTestingKit.framework in Frameworks */ = {isa = PBXBuildFile; fileRef = 8C19FA9115BB3F340096B5B1 /* SenTestingKit.framework */; };
		8C19FA9315BB3F340096B5B1 /* UIKit.framework in Frameworks */ = {isa = PBXBuildFile; fileRef = 8C19FA7015BB3F340096B5B1 /* UIKit.framework */; };
		8C19FA9415BB3F340096B5B1 /* Foundation.framework in Frameworks */ = {isa = PBXBuildFile; fileRef = 8C19FA7215BB3F340096B5B1 /* Foundation.framework */; };
		8C19FA9C15BB3F340096B5B1 /* InfoPlist.strings in Resources */ = {isa = PBXBuildFile; fileRef = 8C19FA9A15BB3F340096B5B1 /* InfoPlist.strings */; };
		8C19FA9F15BB3F340096B5B1 /* casterTests.m in Sources */ = {isa = PBXBuildFile; fileRef = 8C19FA9E15BB3F340096B5B1 /* casterTests.m */; };
/* End PBXBuildFile section */

/* Begin PBXContainerItemProxy section */
		8C19FA9515BB3F340096B5B1 /* PBXContainerItemProxy */ = {
			isa = PBXContainerItemProxy;
			containerPortal = 8C19FA6315BB3F340096B5B1 /* Project object */;
			proxyType = 1;
			remoteGlobalIDString = 8C19FA6B15BB3F340096B5B1;
			remoteInfo = caster;
		};
/* End PBXContainerItemProxy section */

/* Begin PBXFileReference section */
		8C19FA6C15BB3F340096B5B1 /* caster.app */ = {isa = PBXFileReference; explicitFileType = wrapper.application; includeInIndex = 0; path = caster.app; sourceTree = BUILT_PRODUCTS_DIR; };
		8C19FA7015BB3F340096B5B1 /* UIKit.framework */ = {isa = PBXFileReference; lastKnownFileType = wrapper.framework; name = UIKit.framework; path = System/Library/Frameworks/UIKit.framework; sourceTree = SDKROOT; };
		8C19FA7215BB3F340096B5B1 /* Foundation.framework */ = {isa = PBXFileReference; lastKnownFileType = wrapper.framework; name = Foundation.framework; path = System/Library/Frameworks/Foundation.framework; sourceTree = SDKROOT; };
		8C19FA7415BB3F340096B5B1 /* CoreGraphics.framework */ = {isa = PBXFileReference; lastKnownFileType = wrapper.framework; name = CoreGraphics.framework; path = System/Library/Frameworks/CoreGraphics.framework; sourceTree = SDKROOT; };
		8C19FA7815BB3F340096B5B1 /* caster-Info.plist */ = {isa = PBXFileReference; lastKnownFileType = text.plist.xml; path = "caster-Info.plist"; sourceTree = "<group>"; };
		8C19FA7A15BB3F340096B5B1 /* en */ = {isa = PBXFileReference; lastKnownFileType = text.plist.strings; name = en; path = en.lproj/InfoPlist.strings; sourceTree = "<group>"; };
		8C19FA7C15BB3F340096B5B1 /* main.m */ = {isa = PBXFileReference; lastKnownFileType = sourcecode.c.objc; path = main.m; sourceTree = "<group>"; };
		8C19FA7E15BB3F340096B5B1 /* caster-Prefix.pch */ = {isa = PBXFileReference; lastKnownFileType = sourcecode.c.h; path = "caster-Prefix.pch"; sourceTree = "<group>"; };
		8C19FA7F15BB3F340096B5B1 /* ICAppDelegate.h */ = {isa = PBXFileReference; lastKnownFileType = sourcecode.c.h; path = ICAppDelegate.h; sourceTree = "<group>"; };
		8C19FA8015BB3F340096B5B1 /* ICAppDelegate.m */ = {isa = PBXFileReference; lastKnownFileType = sourcecode.c.objc; path = ICAppDelegate.m; sourceTree = "<group>"; };
		8C19FA8215BB3F340096B5B1 /* ICViewController.h */ = {isa = PBXFileReference; lastKnownFileType = sourcecode.c.h; path = ICViewController.h; sourceTree = "<group>"; };
		8C19FA8315BB3F340096B5B1 /* ICViewController.m */ = {isa = PBXFileReference; lastKnownFileType = sourcecode.c.objc; path = ICViewController.m; sourceTree = "<group>"; };
		8C19FA8615BB3F340096B5B1 /* en */ = {isa = PBXFileReference; lastKnownFileType = file.xib; name = en; path = en.lproj/ICViewController_iPhone.xib; sourceTree = "<group>"; };
		8C19FA8915BB3F340096B5B1 /* en */ = {isa = PBXFileReference; lastKnownFileType = file.xib; name = en; path = en.lproj/ICViewController_iPad.xib; sourceTree = "<group>"; };
		8C19FA9015BB3F340096B5B1 /* casterTests.octest */ = {isa = PBXFileReference; explicitFileType = wrapper.cfbundle; includeInIndex = 0; path = casterTests.octest; sourceTree = BUILT_PRODUCTS_DIR; };
		8C19FA9115BB3F340096B5B1 /* SenTestingKit.framework */ = {isa = PBXFileReference; lastKnownFileType = wrapper.framework; name = SenTestingKit.framework; path = Library/Frameworks/SenTestingKit.framework; sourceTree = DEVELOPER_DIR; };
		8C19FA9915BB3F340096B5B1 /* casterTests-Info.plist */ = {isa = PBXFileReference; lastKnownFileType = text.plist.xml; path = "casterTests-Info.plist"; sourceTree = "<group>"; };
		8C19FA9B15BB3F340096B5B1 /* en */ = {isa = PBXFileReference; lastKnownFileType = text.plist.strings; name = en; path = en.lproj/InfoPlist.strings; sourceTree = "<group>"; };
		8C19FA9D15BB3F340096B5B1 /* casterTests.h */ = {isa = PBXFileReference; lastKnownFileType = sourcecode.c.h; path = casterTests.h; sourceTree = "<group>"; };
		8C19FA9E15BB3F340096B5B1 /* casterTests.m */ = {isa = PBXFileReference; lastKnownFileType = sourcecode.c.objc; path = casterTests.m; sourceTree = "<group>"; };
/* End PBXFileReference section */

/* Begin PBXFrameworksBuildPhase section */
		8C19FA6915BB3F340096B5B1 /* Frameworks */ = {
			isa = PBXFrameworksBuildPhase;
			buildActionMask = 2147483647;
			files = (
				8C19FA7115BB3F340096B5B1 /* UIKit.framework in Frameworks */,
				8C19FA7315BB3F340096B5B1 /* Foundation.framework in Frameworks */,
				8C19FA7515BB3F340096B5B1 /* CoreGraphics.framework in Frameworks */,
			);
			runOnlyForDeploymentPostprocessing = 0;
		};
		8C19FA8C15BB3F340096B5B1 /* Frameworks */ = {
			isa = PBXFrameworksBuildPhase;
			buildActionMask = 2147483647;
			files = (
				8C19FA9215BB3F340096B5B1 /* SenTestingKit.framework in Frameworks */,
				8C19FA9315BB3F340096B5B1 /* UIKit.framework in Frameworks */,
				8C19FA9415BB3F340096B5B1 /* Foundation.framework in Frameworks */,
			);
			runOnlyForDeploymentPostprocessing = 0;
		};
/* End PBXFrameworksBuildPhase section */

/* Begin PBXGroup section */
		8C19FA6115BB3F340096B5B1 = {
			isa = PBXGroup;
			children = (
				8C19FA7615BB3F340096B5B1 /* caster */,
				8C19FA9715BB3F340096B5B1 /* casterTests */,
				8C19FA6F15BB3F340096B5B1 /* Frameworks */,
				8C19FA6D15BB3F340096B5B1 /* Products */,
			);
			sourceTree = "<group>";
		};
		8C19FA6D15BB3F340096B5B1 /* Products */ = {
			isa = PBXGroup;
			children = (
				8C19FA6C15BB3F340096B5B1 /* caster.app */,
				8C19FA9015BB3F340096B5B1 /* casterTests.octest */,
			);
			name = Products;
			sourceTree = "<group>";
		};
		8C19FA6F15BB3F340096B5B1 /* Frameworks */ = {
			isa = PBXGroup;
			children = (
				8C19FA7015BB3F340096B5B1 /* UIKit.framework */,
				8C19FA7215BB3F340096B5B1 /* Foundation.framework */,
				8C19FA7415BB3F340096B5B1 /* CoreGraphics.framework */,
				8C19FA9115BB3F340096B5B1 /* SenTestingKit.framework */,
			);
			name = Frameworks;
			sourceTree = "<group>";
		};
		8C19FA7615BB3F340096B5B1 /* caster */ = {
			isa = PBXGroup;
			children = (
				8C19FA7F15BB3F340096B5B1 /* ICAppDelegate.h */,
				8C19FA8015BB3F340096B5B1 /* ICAppDelegate.m */,
				8C19FA8215BB3F340096B5B1 /* ICViewController.h */,
				8C19FA8315BB3F340096B5B1 /* ICViewController.m */,
				8C19FA8515BB3F340096B5B1 /* ICViewController_iPhone.xib */,
				8C19FA8815BB3F340096B5B1 /* ICViewController_iPad.xib */,
				8C19FA7715BB3F340096B5B1 /* Supporting Files */,
			);
			path = caster;
			sourceTree = "<group>";
		};
		8C19FA7715BB3F340096B5B1 /* Supporting Files */ = {
			isa = PBXGroup;
			children = (
				8C19FA7815BB3F340096B5B1 /* caster-Info.plist */,
				8C19FA7915BB3F340096B5B1 /* InfoPlist.strings */,
				8C19FA7C15BB3F340096B5B1 /* main.m */,
				8C19FA7E15BB3F340096B5B1 /* caster-Prefix.pch */,
			);
			name = "Supporting Files";
			sourceTree = "<group>";
		};
		8C19FA9715BB3F340096B5B1 /* casterTests */ = {
			isa = PBXGroup;
			children = (
				8C19FA9D15BB3F340096B5B1 /* casterTests.h */,
				8C19FA9E15BB3F340096B5B1 /* casterTests.m */,
				8C19FA9815BB3F340096B5B1 /* Supporting Files */,
			);
			path = casterTests;
			sourceTree = "<group>";
		};
		8C19FA9815BB3F340096B5B1 /* Supporting Files */ = {
			isa = PBXGroup;
			children = (
				8C19FA9915BB3F340096B5B1 /* casterTests-Info.plist */,
				8C19FA9A15BB3F340096B5B1 /* InfoPlist.strings */,
			);
			name = "Supporting Files";
			sourceTree = "<group>";
		};
/* End PBXGroup section */

/* Begin PBXNativeTarget section */
		8C19FA6B15BB3F340096B5B1 /* caster */ = {
			isa = PBXNativeTarget;
			buildConfigurationList = 8C19FAA215BB3F340096B5B1 /* Build configuration list for PBXNativeTarget "caster" */;
			buildPhases = (
				8C19FA6815BB3F340096B5B1 /* Sources */,
				8C19FA6915BB3F340096B5B1 /* Frameworks */,
				8C19FA6A15BB3F340096B5B1 /* Resources */,
			);
			buildRules = (
			);
			dependencies = (
			);
			name = caster;
			productName = caster;
			productReference = 8C19FA6C15BB3F340096B5B1 /* caster.app */;
			productType = "com.apple.product-type.application";
		};
		8C19FA8F15BB3F340096B5B1 /* casterTests */ = {
			isa = PBXNativeTarget;
			buildConfigurationList = 8C19FAA515BB3F340096B5B1 /* Build configuration list for PBXNativeTarget "casterTests" */;
			buildPhases = (
				8C19FA8B15BB3F340096B5B1 /* Sources */,
				8C19FA8C15BB3F340096B5B1 /* Frameworks */,
				8C19FA8D15BB3F340096B5B1 /* Resources */,
				8C19FA8E15BB3F340096B5B1 /* ShellScript */,
			);
			buildRules = (
			);
			dependencies = (
				8C19FA9615BB3F340096B5B1 /* PBXTargetDependency */,
			);
			name = casterTests;
			productName = casterTests;
			productReference = 8C19FA9015BB3F340096B5B1 /* casterTests.octest */;
			productType = "com.apple.product-type.bundle";
		};
/* End PBXNativeTarget section */

/* Begin PBXProject section */
		8C19FA6315BB3F340096B5B1 /* Project object */ = {
			isa = PBXProject;
			attributes = {
				CLASSPREFIX = IC;
				LastUpgradeCheck = 0430;
				ORGANIZATIONNAME = "Carbon Five";
			};
			buildConfigurationList = 8C19FA6615BB3F340096B5B1 /* Build configuration list for PBXProject "caster" */;
			compatibilityVersion = "Xcode 3.2";
			developmentRegion = English;
			hasScannedForEncodings = 0;
			knownRegions = (
				en,
			);
			mainGroup = 8C19FA6115BB3F340096B5B1;
			productRefGroup = 8C19FA6D15BB3F340096B5B1 /* Products */;
			projectDirPath = "";
			projectRoot = "";
			targets = (
				8C19FA6B15BB3F340096B5B1 /* caster */,
				8C19FA8F15BB3F340096B5B1 /* casterTests */,
			);
		};
/* End PBXProject section */

/* Begin PBXResourcesBuildPhase section */
		8C19FA6A15BB3F340096B5B1 /* Resources */ = {
			isa = PBXResourcesBuildPhase;
			buildActionMask = 2147483647;
			files = (
				8C19FA7B15BB3F340096B5B1 /* InfoPlist.strings in Resources */,
				8C19FA8715BB3F340096B5B1 /* ICViewController_iPhone.xib in Resources */,
				8C19FA8A15BB3F340096B5B1 /* ICViewController_iPad.xib in Resources */,
			);
			runOnlyForDeploymentPostprocessing = 0;
		};
		8C19FA8D15BB3F340096B5B1 /* Resources */ = {
			isa = PBXResourcesBuildPhase;
			buildActionMask = 2147483647;
			files = (
				8C19FA9C15BB3F340096B5B1 /* InfoPlist.strings in Resources */,
			);
			runOnlyForDeploymentPostprocessing = 0;
		};
/* End PBXResourcesBuildPhase section */

/* Begin PBXShellScriptBuildPhase section */
		8C19FA8E15BB3F340096B5B1 /* ShellScript */ = {
			isa = PBXShellScriptBuildPhase;
			buildActionMask = 2147483647;
			files = (
			);
			inputPaths = (
			);
			outputPaths = (
			);
			runOnlyForDeploymentPostprocessing = 0;
			shellPath = /bin/sh;
			shellScript = "# Run the unit tests in this test bundle.\n\"${SYSTEM_DEVELOPER_DIR}/Tools/RunUnitTests\"\n";
		};
/* End PBXShellScriptBuildPhase section */

/* Begin PBXSourcesBuildPhase section */
		8C19FA6815BB3F340096B5B1 /* Sources */ = {
			isa = PBXSourcesBuildPhase;
			buildActionMask = 2147483647;
			files = (
				8C19FA7D15BB3F340096B5B1 /* main.m in Sources */,
				8C19FA8115BB3F340096B5B1 /* ICAppDelegate.m in Sources */,
				8C19FA8415BB3F340096B5B1 /* ICViewController.m in Sources */,
			);
			runOnlyForDeploymentPostprocessing = 0;
		};
		8C19FA8B15BB3F340096B5B1 /* Sources */ = {
			isa = PBXSourcesBuildPhase;
			buildActionMask = 2147483647;
			files = (
				8C19FA9F15BB3F340096B5B1 /* casterTests.m in Sources */,
			);
			runOnlyForDeploymentPostprocessing = 0;
		};
/* End PBXSourcesBuildPhase section */

/* Begin PBXTargetDependency section */
		8C19FA9615BB3F340096B5B1 /* PBXTargetDependency */ = {
			isa = PBXTargetDependency;
			target = 8C19FA6B15BB3F340096B5B1 /* caster */;
			targetProxy = 8C19FA9515BB3F340096B5B1 /* PBXContainerItemProxy */;
		};
/* End PBXTargetDependency section */

/* Begin PBXVariantGroup section */
		8C19FA7915BB3F340096B5B1 /* InfoPlist.strings */ = {
			isa = PBXVariantGroup;
			children = (
				8C19FA7A15BB3F340096B5B1 /* en */,
			);
			name = InfoPlist.strings;
			sourceTree = "<group>";
		};
		8C19FA8515BB3F340096B5B1 /* ICViewController_iPhone.xib */ = {
			isa = PBXVariantGroup;
			children = (
				8C19FA8615BB3F340096B5B1 /* en */,
			);
			name = ICViewController_iPhone.xib;
			sourceTree = "<group>";
		};
		8C19FA8815BB3F340096B5B1 /* ICViewController_iPad.xib */ = {
			isa = PBXVariantGroup;
			children = (
				8C19FA8915BB3F340096B5B1 /* en */,
			);
			name = ICViewController_iPad.xib;
			sourceTree = "<group>";
		};
		8C19FA9A15BB3F340096B5B1 /* InfoPlist.strings */ = {
			isa = PBXVariantGroup;
			children = (
				8C19FA9B15BB3F340096B5B1 /* en */,
			);
			name = InfoPlist.strings;
			sourceTree = "<group>";
		};
/* End PBXVariantGroup section */

/* Begin XCBuildConfiguration section */
		8C19FAA015BB3F340096B5B1 /* Debug */ = {
			isa = XCBuildConfiguration;
			buildSettings = {
				ALWAYS_SEARCH_USER_PATHS = NO;
				ARCHS = "$(ARCHS_STANDARD_32_BIT)";
				CLANG_ENABLE_OBJC_ARC = YES;
				"CODE_SIGN_IDENTITY[sdk=iphoneos*]" = "iPhone Developer";
				COPY_PHASE_STRIP = NO;
				GCC_C_LANGUAGE_STANDARD = gnu99;
				GCC_DYNAMIC_NO_PIC = NO;
				GCC_OPTIMIZATION_LEVEL = 0;
				GCC_PREPROCESSOR_DEFINITIONS = (
					"DEBUG=1",
					"$(inherited)",
				);
				GCC_SYMBOLS_PRIVATE_EXTERN = NO;
				GCC_VERSION = com.apple.compilers.llvm.clang.1_0;
				GCC_WARN_ABOUT_RETURN_TYPE = YES;
				GCC_WARN_UNINITIALIZED_AUTOS = YES;
				GCC_WARN_UNUSED_VARIABLE = YES;
				IPHONEOS_DEPLOYMENT_TARGET = 5.1;
				SDKROOT = iphoneos;
				TARGETED_DEVICE_FAMILY = "1,2";
			};
			name = Debug;
		};
		8C19FAA115BB3F340096B5B1 /* Release */ = {
			isa = XCBuildConfiguration;
			buildSettings = {
				ALWAYS_SEARCH_USER_PATHS = NO;
				ARCHS = "$(ARCHS_STANDARD_32_BIT)";
				CLANG_ENABLE_OBJC_ARC = YES;
				"CODE_SIGN_IDENTITY[sdk=iphoneos*]" = "iPhone Developer";
				COPY_PHASE_STRIP = YES;
				GCC_C_LANGUAGE_STANDARD = gnu99;
				GCC_VERSION = com.apple.compilers.llvm.clang.1_0;
				GCC_WARN_ABOUT_RETURN_TYPE = YES;
				GCC_WARN_UNINITIALIZED_AUTOS = YES;
				GCC_WARN_UNUSED_VARIABLE = YES;
				IPHONEOS_DEPLOYMENT_TARGET = 5.1;
				OTHER_CFLAGS = "-DNS_BLOCK_ASSERTIONS=1";
				SDKROOT = iphoneos;
				TARGETED_DEVICE_FAMILY = "1,2";
				VALIDATE_PRODUCT = YES;
			};
			name = Release;
		};
		8C19FAA315BB3F340096B5B1 /* Debug */ = {
			isa = XCBuildConfiguration;
			buildSettings = {
				GCC_PRECOMPILE_PREFIX_HEADER = YES;
				GCC_PREFIX_HEADER = "caster/caster-Prefix.pch";
				INFOPLIST_FILE = "caster/caster-Info.plist";
				PRODUCT_NAME = "$(TARGET_NAME)";
				WRAPPER_EXTENSION = app;
			};
			name = Debug;
		};
		8C19FAA415BB3F340096B5B1 /* Release */ = {
			isa = XCBuildConfiguration;
			buildSettings = {
				GCC_PRECOMPILE_PREFIX_HEADER = YES;
				GCC_PREFIX_HEADER = "caster/caster-Prefix.pch";
				INFOPLIST_FILE = "caster/caster-Info.plist";
				PRODUCT_NAME = "$(TARGET_NAME)";
				WRAPPER_EXTENSION = app;
			};
			name = Release;
		};
		8C19FAA615BB3F340096B5B1 /* Debug */ = {
			isa = XCBuildConfiguration;
			buildSettings = {
				BUNDLE_LOADER = "$(BUILT_PRODUCTS_DIR)/caster.app/caster";
				FRAMEWORK_SEARCH_PATHS = (
					"$(SDKROOT)/Developer/Library/Frameworks",
					"$(DEVELOPER_LIBRARY_DIR)/Frameworks",
				);
				GCC_PRECOMPILE_PREFIX_HEADER = YES;
				GCC_PREFIX_HEADER = "caster/caster-Prefix.pch";
				INFOPLIST_FILE = "casterTests/casterTests-Info.plist";
				PRODUCT_NAME = "$(TARGET_NAME)";
				TEST_HOST = "$(BUNDLE_LOADER)";
				WRAPPER_EXTENSION = octest;
			};
			name = Debug;
		};
		8C19FAA715BB3F340096B5B1 /* Release */ = {
			isa = XCBuildConfiguration;
			buildSettings = {
				BUNDLE_LOADER = "$(BUILT_PRODUCTS_DIR)/caster.app/caster";
				FRAMEWORK_SEARCH_PATHS = (
					"$(SDKROOT)/Developer/Library/Frameworks",
					"$(DEVELOPER_LIBRARY_DIR)/Frameworks",
				);
				GCC_PRECOMPILE_PREFIX_HEADER = YES;
				GCC_PREFIX_HEADER = "caster/caster-Prefix.pch";
				INFOPLIST_FILE = "casterTests/casterTests-Info.plist";
				PRODUCT_NAME = "$(TARGET_NAME)";
				TEST_HOST = "$(BUNDLE_LOADER)";
				WRAPPER_EXTENSION = octest;
			};
			name = Release;
		};
/* End XCBuildConfiguration section */

/* Begin XCConfigurationList section */
		8C19FA6615BB3F340096B5B1 /* Build configuration list for PBXProject "caster" */ = {
			isa = XCConfigurationList;
			buildConfigurations = (
				8C19FAA015BB3F340096B5B1 /* Debug */,
				8C19FAA115BB3F340096B5B1 /* Release */,
			);
			defaultConfigurationIsVisible = 0;
			defaultConfigurationName = Release;
		};
		8C19FAA215BB3F340096B5B1 /* Build configuration list for PBXNativeTarget "caster" */ = {
			isa = XCConfigurationList;
			buildConfigurations = (
				8C19FAA315BB3F340096B5B1 /* Debug */,
				8C19FAA415BB3F340096B5B1 /* Release */,
			);
			defaultConfigurationIsVisible = 0;
		};
		8C19FAA515BB3F340096B5B1 /* Build configuration list for PBXNativeTarget "casterTests" */ = {
			isa = XCConfigurationList;
			buildConfigurations = (
				8C19FAA615BB3F340096B5B1 /* Debug */,
				8C19FAA715BB3F340096B5B1 /* Release */,
			);
			defaultConfigurationIsVisible = 0;
		};
/* End XCConfigurationList section */
	};
	rootObject = 8C19FA6315BB3F340096B5B1 /* Project object */;
}
